
Microsoft Visual Studio Solution File, Format Version 12.00
# Visual Studio Version 16
VisualStudioVersion = 16.0.31105.61
MinimumVisualStudioVersion = 10.0.40219.1
Project("{FAE04EC0-301F-11D3-BF4B-00C04F79EFBC}") = "FlightCodingTest", "FlightCodingTest.csproj", "{6534DBD8-F0FA-4F4F-89CE-2C571101D9F1}"
EndProject
Project("{FAE04EC0-301F-11D3-BF4B-00C04F79EFBC}") = "TestProject", "TestProject\TestProject.csproj", "{D8A9EF99-0B92-41F1-A6CD-488550D02EDB}"
EndProject
Global
	GlobalSection(SolutionConfigurationPlatforms) = preSolution
		Debug|Any CPU = Debug|Any CPU
		Release|Any CPU = Release|Any CPU
	EndGlobalSection
	GlobalSection(ProjectConfigurationPlatforms) = postSolution
		{6534DBD8-F0FA-4F4F-89CE-2C571101D9F1}.Debug|Any CPU.ActiveCfg = Debug|Any CPU
		{6534DBD8-F0FA-4F4F-89CE-2C571101D9F1}.Debug|Any CPU.Build.0 = Debug|Any CPU
		{6534DBD8-F0FA-4F4F-89CE-2C571101D9F1}.Release|Any CPU.ActiveCfg = Release|Any CPU
		{6534DBD8-F0FA-4F4F-89CE-2C571101D9F1}.Release|Any CPU.Build.0 = Release|Any CPU
		{D8A9EF99-0B92-41F1-A6CD-488550D02EDB}.Debug|Any CPU.ActiveCfg = Debug|Any CPU
		{D8A9EF99-0B92-41F1-A6CD-488550D02EDB}.Debug|Any CPU.Build.0 = Debug|Any CPU
		{D8A9EF99-0B92-41F1-A6CD-488550D02EDB}.Release|Any CPU.ActiveCfg = Release|Any CPU
		{D8A9EF99-0B92-41F1-A6CD-488550D02EDB}.Release|Any CPU.Build.0 = Release|Any CPU
	EndGlobalSection
	GlobalSection(SolutionProperties) = preSolution
		HideSolutionNode = FALSE
	EndGlobalSection
	GlobalSection(ExtensibilityGlobals) = postSolution
		SolutionGuid = {D9E99166-B9E8-41B8-A37C-26165CEDCA03}
	EndGlobalSection
EndGlobal
